
Microsoft Visual Studio Solution File, Format Version 12.00
# Visual Studio 15
VisualStudioVersion = 15.0.28010.2026
MinimumVisualStudioVersion = 10.0.40219.1
Project("{FAE04EC0-301F-11D3-BF4B-00C04F79EFBC}") = "dash", "dash\dash.csproj", "{4593866B-EAF6-447E-B2A9-FAD818B88C1A}"
EndProject
Global
	GlobalSection(SolutionConfigurationPlatforms) = preSolution
		Debug|Any CPU = Debug|Any CPU
		Release|Any CPU = Release|Any CPU
	EndGlobalSection
	GlobalSection(ProjectConfigurationPlatforms) = postSolution
		{4593866B-EAF6-447E-B2A9-FAD818B88C1A}.Debug|Any CPU.ActiveCfg = Debug|Any CPU
		{4593866B-EAF6-447E-B2A9-FAD818B88C1A}.Debug|Any CPU.Build.0 = Debug|Any CPU
		{4593866B-EAF6-447E-B2A9-FAD818B88C1A}.Release|Any CPU.ActiveCfg = Release|Any CPU
		{4593866B-EAF6-447E-B2A9-FAD818B88C1A}.Release|Any CPU.Build.0 = Release|Any CPU
	EndGlobalSection
	GlobalSection(SolutionProperties) = preSolution
		HideSolutionNode = FALSE
	EndGlobalSection
	GlobalSection(ExtensibilityGlobals) = postSolution
		SolutionGuid = {68ACA334-2927-40D7-8A5F-F8AEBDE88353}
	EndGlobalSection
EndGlobal
